
Microsoft Visual Studio Solution File, Format Version 12.00
# Visual Studio Version 17
VisualStudioVersion = 17.2.32526.322
MinimumVisualStudioVersion = 10.0.40219.1
Project("{FAE04EC0-301F-11D3-BF4B-00C04F79EFBC}") = "FileUpload", "FileUpload\FileUpload.csproj", "{9EC68897-842A-4C44-9DE4-6A937464E188}"
EndProject
Global
	GlobalSection(SolutionConfigurationPlatforms) = preSolution
		Debug|Any CPU = Debug|Any CPU
		Release|Any CPU = Release|Any CPU
	EndGlobalSection
	GlobalSection(ProjectConfigurationPlatforms) = postSolution
		{9EC68897-842A-4C44-9DE4-6A937464E188}.Debug|Any CPU.ActiveCfg = Debug|Any CPU
		{9EC68897-842A-4C44-9DE4-6A937464E188}.Debug|Any CPU.Build.0 = Debug|Any CPU
		{9EC68897-842A-4C44-9DE4-6A937464E188}.Release|Any CPU.ActiveCfg = Release|Any CPU
		{9EC68897-842A-4C44-9DE4-6A937464E188}.Release|Any CPU.Build.0 = Release|Any CPU
	EndGlobalSection
	GlobalSection(SolutionProperties) = preSolution
		HideSolutionNode = FALSE
	EndGlobalSection
	GlobalSection(ExtensibilityGlobals) = postSolution
		SolutionGuid = {26AF3E73-5F38-409D-84C5-2ADB0B85B488}
	EndGlobalSection
EndGlobal
